
Microsoft Visual Studio Solution File, Format Version 12.00
# Visual Studio Version 17
VisualStudioVersion = 17.5.33530.505
MinimumVisualStudioVersion = 10.0.40219.1
Project("{FAE04EC0-301F-11D3-BF4B-00C04F79EFBC}") = "PeaBuxTest", "PeaBuxTest\PeaBuxTest.csproj", "{FBE09449-6461-420D-A500-BA2DC95383F9}"
EndProject
Project("{FAE04EC0-301F-11D3-BF4B-00C04F79EFBC}") = "PeaBuxTest.Test", "PeaBuxTest.Test\PeaBuxTest.Test.csproj", "{9FF9CB8D-ACBB-46A9-96FA-77DE08D878EA}"
EndProject
Global
	GlobalSection(SolutionConfigurationPlatforms) = preSolution
		Debug|Any CPU = Debug|Any CPU
		Release|Any CPU = Release|Any CPU
	EndGlobalSection
	GlobalSection(ProjectConfigurationPlatforms) = postSolution
		{FBE09449-6461-420D-A500-BA2DC95383F9}.Debug|Any CPU.ActiveCfg = Debug|Any CPU
		{FBE09449-6461-420D-A500-BA2DC95383F9}.Debug|Any CPU.Build.0 = Debug|Any CPU
		{FBE09449-6461-420D-A500-BA2DC95383F9}.Release|Any CPU.ActiveCfg = Release|Any CPU
		{FBE09449-6461-420D-A500-BA2DC95383F9}.Release|Any CPU.Build.0 = Release|Any CPU
		{9FF9CB8D-ACBB-46A9-96FA-77DE08D878EA}.Debug|Any CPU.ActiveCfg = Debug|Any CPU
		{9FF9CB8D-ACBB-46A9-96FA-77DE08D878EA}.Debug|Any CPU.Build.0 = Debug|Any CPU
		{9FF9CB8D-ACBB-46A9-96FA-77DE08D878EA}.Release|Any CPU.ActiveCfg = Release|Any CPU
		{9FF9CB8D-ACBB-46A9-96FA-77DE08D878EA}.Release|Any CPU.Build.0 = Release|Any CPU
	EndGlobalSection
	GlobalSection(SolutionProperties) = preSolution
		HideSolutionNode = FALSE
	EndGlobalSection
	GlobalSection(ExtensibilityGlobals) = postSolution
		SolutionGuid = {18F534E1-AFDD-407D-8DFD-063D562D813A}
	EndGlobalSection
EndGlobal
